
Microsoft Visual Studio Solution File, Format Version 12.00
# Visual Studio 15
VisualStudioVersion = 15.0.28010.2046
MinimumVisualStudioVersion = 10.0.40219.1
Project("{FAE04EC0-301F-11D3-BF4B-00C04F79EFBC}") = "Module2TutorialLab1", "Module2TutorialLab1\Module2TutorialLab1.csproj", "{613E9E59-3EC2-4072-A5D4-197977B62CE9}"
EndProject
Global
	GlobalSection(SolutionConfigurationPlatforms) = preSolution
		Debug|Any CPU = Debug|Any CPU
		Release|Any CPU = Release|Any CPU
	EndGlobalSection
	GlobalSection(ProjectConfigurationPlatforms) = postSolution
		{613E9E59-3EC2-4072-A5D4-197977B62CE9}.Debug|Any CPU.ActiveCfg = Debug|Any CPU
		{613E9E59-3EC2-4072-A5D4-197977B62CE9}.Debug|Any CPU.Build.0 = Debug|Any CPU
		{613E9E59-3EC2-4072-A5D4-197977B62CE9}.Release|Any CPU.ActiveCfg = Release|Any CPU
		{613E9E59-3EC2-4072-A5D4-197977B62CE9}.Release|Any CPU.Build.0 = Release|Any CPU
	EndGlobalSection
	GlobalSection(SolutionProperties) = preSolution
		HideSolutionNode = FALSE
	EndGlobalSection
	GlobalSection(ExtensibilityGlobals) = postSolution
		SolutionGuid = {4963DF19-2A6C-4501-94CE-442099F656D4}
	EndGlobalSection
EndGlobal
